
Microsoft Visual Studio Solution File, Format Version 12.00
# Visual Studio Version 17
VisualStudioVersion = 17.6.33815.320
MinimumVisualStudioVersion = 10.0.40219.1
Project("{FAE04EC0-301F-11D3-BF4B-00C04F79EFBC}") = "VideoJuegoSerpiente", "VideoJuegoSerpiente\VideoJuegoSerpiente.csproj", "{063A07A6-D68D-4364-932C-A3EFAEE766DC}"
EndProject
Project("{FAE04EC0-301F-11D3-BF4B-00C04F79EFBC}") = "MSTestVideoJuego", "MSTestVideoJuego\MSTestVideoJuego.csproj", "{528B371D-94B5-4886-B5BA-9CB25E7D2EFE}"
EndProject
Global
	GlobalSection(SolutionConfigurationPlatforms) = preSolution
		Debug|Any CPU = Debug|Any CPU
		Release|Any CPU = Release|Any CPU
	EndGlobalSection
	GlobalSection(ProjectConfigurationPlatforms) = postSolution
		{063A07A6-D68D-4364-932C-A3EFAEE766DC}.Debug|Any CPU.ActiveCfg = Debug|Any CPU
		{063A07A6-D68D-4364-932C-A3EFAEE766DC}.Debug|Any CPU.Build.0 = Debug|Any CPU
		{063A07A6-D68D-4364-932C-A3EFAEE766DC}.Release|Any CPU.ActiveCfg = Release|Any CPU
		{063A07A6-D68D-4364-932C-A3EFAEE766DC}.Release|Any CPU.Build.0 = Release|Any CPU
		{528B371D-94B5-4886-B5BA-9CB25E7D2EFE}.Debug|Any CPU.ActiveCfg = Debug|Any CPU
		{528B371D-94B5-4886-B5BA-9CB25E7D2EFE}.Debug|Any CPU.Build.0 = Debug|Any CPU
		{528B371D-94B5-4886-B5BA-9CB25E7D2EFE}.Release|Any CPU.ActiveCfg = Release|Any CPU
		{528B371D-94B5-4886-B5BA-9CB25E7D2EFE}.Release|Any CPU.Build.0 = Release|Any CPU
	EndGlobalSection
	GlobalSection(SolutionProperties) = preSolution
		HideSolutionNode = FALSE
	EndGlobalSection
	GlobalSection(ExtensibilityGlobals) = postSolution
		SolutionGuid = {02918B20-F67F-403F-B34C-B5EB51FB7481}
	EndGlobalSection
EndGlobal
